// !$*UTF8*$!
{
	archiveVersion = 1;
	classes = {
	};
	objectVersion = 50;
	objects = {

/* Begin PBXBuildFile section */
		9B0DDEEE24A17A050028863A /* AppDelegate.swift in Sources */ = {isa = PBXBuildFile; fileRef = 9B0DDEED24A17A050028863A /* AppDelegate.swift */; };
		9B0DDEF024A17A050028863A /* SceneDelegate.swift in Sources */ = {isa = PBXBuildFile; fileRef = 9B0DDEEF24A17A050028863A /* SceneDelegate.swift */; };
		9B0DDEF224A17A050028863A /* ContentView.swift in Sources */ = {isa = PBXBuildFile; fileRef = 9B0DDEF124A17A050028863A /* ContentView.swift */; };
		9B0DDEF424A17A050028863A /* Assets.xcassets in Resources */ = {isa = PBXBuildFile; fileRef = 9B0DDEF324A17A050028863A /* Assets.xcassets */; };
		9B0DDEF724A17A050028863A /* Preview Assets.xcassets in Resources */ = {isa = PBXBuildFile; fileRef = 9B0DDEF624A17A050028863A /* Preview Assets.xcassets */; };
		9B0DDEFA24A17A050028863A /* LaunchScreen.storyboard in Resources */ = {isa = PBXBuildFile; fileRef = 9B0DDEF824A17A050028863A /* LaunchScreen.storyboard */; };
		9B0DDF0524A17A060028863A /* HeroDiceTests.swift in Sources */ = {isa = PBXBuildFile; fileRef = 9B0DDF0424A17A060028863A /* HeroDiceTests.swift */; };
		9B0DDF1024A17A060028863A /* HeroDiceUITests.swift in Sources */ = {isa = PBXBuildFile; fileRef = 9B0DDF0F24A17A060028863A /* HeroDiceUITests.swift */; };
		9B186C1724A181AB00AB724F /* DiceView.swift in Sources */ = {isa = PBXBuildFile; fileRef = 9B186C1624A181AB00AB724F /* DiceView.swift */; };
/* End PBXBuildFile section */

/* Begin PBXContainerItemProxy section */
		9B0DDF0124A17A060028863A /* PBXContainerItemProxy */ = {
			isa = PBXContainerItemProxy;
			containerPortal = 9B0DDEE224A17A050028863A /* Project object */;
			proxyType = 1;
			remoteGlobalIDString = 9B0DDEE924A17A050028863A;
			remoteInfo = HeroDice;
		};
		9B0DDF0C24A17A060028863A /* PBXContainerItemProxy */ = {
			isa = PBXContainerItemProxy;
			containerPortal = 9B0DDEE224A17A050028863A /* Project object */;
			proxyType = 1;
			remoteGlobalIDString = 9B0DDEE924A17A050028863A;
			remoteInfo = HeroDice;
		};
/* End PBXContainerItemProxy section */

/* Begin PBXFileReference section */
		9B0DDEEA24A17A050028863A /* HeroDice.app */ = {isa = PBXFileReference; explicitFileType = wrapper.application; includeInIndex = 0; path = HeroDice.app; sourceTree = BUILT_PRODUCTS_DIR; };
		9B0DDEED24A17A050028863A /* AppDelegate.swift */ = {isa = PBXFileReference; lastKnownFileType = sourcecode.swift; path = AppDelegate.swift; sourceTree = "<group>"; };
		9B0DDEEF24A17A050028863A /* SceneDelegate.swift */ = {isa = PBXFileReference; lastKnownFileType = sourcecode.swift; path = SceneDelegate.swift; sourceTree = "<group>"; };
		9B0DDEF124A17A050028863A /* ContentView.swift */ = {isa = PBXFileReference; lastKnownFileType = sourcecode.swift; path = ContentView.swift; sourceTree = "<group>"; };
		9B0DDEF324A17A050028863A /* Assets.xcassets */ = {isa = PBXFileReference; lastKnownFileType = folder.assetcatalog; path = Assets.xcassets; sourceTree = "<group>"; };
		9B0DDEF624A17A050028863A /* Preview Assets.xcassets */ = {isa = PBXFileReference; lastKnownFileType = folder.assetcatalog; path = "Preview Assets.xcassets"; sourceTree = "<group>"; };
		9B0DDEF924A17A050028863A /* Base */ = {isa = PBXFileReference; lastKnownFileType = file.storyboard; name = Base; path = Base.lproj/LaunchScreen.storyboard; sourceTree = "<group>"; };
		9B0DDEFB24A17A050028863A /* Info.plist */ = {isa = PBXFileReference; lastKnownFileType = text.plist.xml; path = Info.plist; sourceTree = "<group>"; };
		9B0DDF0024A17A060028863A /* HeroDiceTests.xctest */ = {isa = PBXFileReference; explicitFileType = wrapper.cfbundle; includeInIndex = 0; path = HeroDiceTests.xctest; sourceTree = BUILT_PRODUCTS_DIR; };
		9B0DDF0424A17A060028863A /* HeroDiceTests.swift */ = {isa = PBXFileReference; lastKnownFileType = sourcecode.swift; path = HeroDiceTests.swift; sourceTree = "<group>"; };
		9B0DDF0624A17A060028863A /* Info.plist */ = {isa = PBXFileReference; lastKnownFileType = text.plist.xml; path = Info.plist; sourceTree = "<group>"; };
		9B0DDF0B24A17A060028863A /* HeroDiceUITests.xctest */ = {isa = PBXFileReference; explicitFileType = wrapper.cfbundle; includeInIndex = 0; path = HeroDiceUITests.xctest; sourceTree = BUILT_PRODUCTS_DIR; };
		9B0DDF0F24A17A060028863A /* HeroDiceUITests.swift */ = {isa = PBXFileReference; lastKnownFileType = sourcecode.swift; path = HeroDiceUITests.swift; sourceTree = "<group>"; };
		9B0DDF1124A17A060028863A /* Info.plist */ = {isa = PBXFileReference; lastKnownFileType = text.plist.xml; path = Info.plist; sourceTree = "<group>"; };
		9B186C1624A181AB00AB724F /* DiceView.swift */ = {isa = PBXFileReference; lastKnownFileType = sourcecode.swift; path = DiceView.swift; sourceTree = "<group>"; };
/* End PBXFileReference section */

/* Begin PBXFrameworksBuildPhase section */
		9B0DDEE724A17A050028863A /* Frameworks */ = {
			isa = PBXFrameworksBuildPhase;
			buildActionMask = 2147483647;
			files = (
			);
			runOnlyForDeploymentPostprocessing = 0;
		};
		9B0DDEFD24A17A060028863A /* Frameworks */ = {
			isa = PBXFrameworksBuildPhase;
			buildActionMask = 2147483647;
			files = (
			);
			runOnlyForDeploymentPostprocessing = 0;
		};
		9B0DDF0824A17A060028863A /* Frameworks */ = {
			isa = PBXFrameworksBuildPhase;
			buildActionMask = 2147483647;
			files = (
			);
			runOnlyForDeploymentPostprocessing = 0;
		};
/* End PBXFrameworksBuildPhase section */

/* Begin PBXGroup section */
		9B0DDEE124A17A050028863A = {
			isa = PBXGroup;
			children = (
				9B0DDEEC24A17A050028863A /* HeroDice */,
				9B0DDF0324A17A060028863A /* HeroDiceTests */,
				9B0DDF0E24A17A060028863A /* HeroDiceUITests */,
				9B0DDEEB24A17A050028863A /* Products */,
			);
			sourceTree = "<group>";
		};
		9B0DDEEB24A17A050028863A /* Products */ = {
			isa = PBXGroup;
			children = (
				9B0DDEEA24A17A050028863A /* HeroDice.app */,
				9B0DDF0024A17A060028863A /* HeroDiceTests.xctest */,
				9B0DDF0B24A17A060028863A /* HeroDiceUITests.xctest */,
			);
			name = Products;
			sourceTree = "<group>";
		};
		9B0DDEEC24A17A050028863A /* HeroDice */ = {
			isa = PBXGroup;
			children = (
				9B0DDEED24A17A050028863A /* AppDelegate.swift */,
				9B0DDEEF24A17A050028863A /* SceneDelegate.swift */,
				9B0DDEF124A17A050028863A /* ContentView.swift */,
				9B186C1624A181AB00AB724F /* DiceView.swift */,
				9B0DDEF324A17A050028863A /* Assets.xcassets */,
				9B0DDEF824A17A050028863A /* LaunchScreen.storyboard */,
				9B0DDEFB24A17A050028863A /* Info.plist */,
				9B0DDEF524A17A050028863A /* Preview Content */,
			);
			path = HeroDice;
			sourceTree = "<group>";
		};
		9B0DDEF524A17A050028863A /* Preview Content */ = {
			isa = PBXGroup;
			children = (
				9B0DDEF624A17A050028863A /* Preview Assets.xcassets */,
			);
			path = "Preview Content";
			sourceTree = "<group>";
		};
		9B0DDF0324A17A060028863A /* HeroDiceTests */ = {
			isa = PBXGroup;
			children = (
				9B0DDF0424A17A060028863A /* HeroDiceTests.swift */,
				9B0DDF0624A17A060028863A /* Info.plist */,
			);
			path = HeroDiceTests;
			sourceTree = "<group>";
		};
		9B0DDF0E24A17A060028863A /* HeroDiceUITests */ = {
			isa = PBXGroup;
			children = (
				9B0DDF0F24A17A060028863A /* HeroDiceUITests.swift */,
				9B0DDF1124A17A060028863A /* Info.plist */,
			);
			path = HeroDiceUITests;
			sourceTree = "<group>";
		};
/* End PBXGroup section */

/* Begin PBXNativeTarget section */
		9B0DDEE924A17A050028863A /* HeroDice */ = {
			isa = PBXNativeTarget;
			buildConfigurationList = 9B0DDF1424A17A060028863A /* Build configuration list for PBXNativeTarget "HeroDice" */;
			buildPhases = (
				9B0DDEE624A17A050028863A /* Sources */,
				9B0DDEE724A17A050028863A /* Frameworks */,
				9B0DDEE824A17A050028863A /* Resources */,
			);
			buildRules = (
			);
			dependencies = (
			);
			name = HeroDice;
			productName = HeroDice;
			productReference = 9B0DDEEA24A17A050028863A /* HeroDice.app */;
			productType = "com.apple.product-type.application";
		};
		9B0DDEFF24A17A060028863A /* HeroDiceTests */ = {
			isa = PBXNativeTarget;
			buildConfigurationList = 9B0DDF1724A17A060028863A /* Build configuration list for PBXNativeTarget "HeroDiceTests" */;
			buildPhases = (
				9B0DDEFC24A17A060028863A /* Sources */,
				9B0DDEFD24A17A060028863A /* Frameworks */,
				9B0DDEFE24A17A060028863A /* Resources */,
			);
			buildRules = (
			);
			dependencies = (
				9B0DDF0224A17A060028863A /* PBXTargetDependency */,
			);
			name = HeroDiceTests;
			productName = HeroDiceTests;
			productReference = 9B0DDF0024A17A060028863A /* HeroDiceTests.xctest */;
			productType = "com.apple.product-type.bundle.unit-test";
		};
		9B0DDF0A24A17A060028863A /* HeroDiceUITests */ = {
			isa = PBXNativeTarget;
			buildConfigurationList = 9B0DDF1A24A17A060028863A /* Build configuration list for PBXNativeTarget "HeroDiceUITests" */;
			buildPhases = (
				9B0DDF0724A17A060028863A /* Sources */,
				9B0DDF0824A17A060028863A /* Frameworks */,
				9B0DDF0924A17A060028863A /* Resources */,
			);
			buildRules = (
			);
			dependencies = (
				9B0DDF0D24A17A060028863A /* PBXTargetDependency */,
			);
			name = HeroDiceUITests;
			productName = HeroDiceUITests;
			productReference = 9B0DDF0B24A17A060028863A /* HeroDiceUITests.xctest */;
			productType = "com.apple.product-type.bundle.ui-testing";
		};
/* End PBXNativeTarget section */

/* Begin PBXProject section */
		9B0DDEE224A17A050028863A /* Project object */ = {
			isa = PBXProject;
			attributes = {
				LastSwiftUpdateCheck = 1150;
				LastUpgradeCheck = 1150;
				ORGANIZATIONNAME = "Lee Dohm";
				TargetAttributes = {
					9B0DDEE924A17A050028863A = {
						CreatedOnToolsVersion = 11.5;
					};
					9B0DDEFF24A17A060028863A = {
						CreatedOnToolsVersion = 11.5;
						TestTargetID = 9B0DDEE924A17A050028863A;
					};
					9B0DDF0A24A17A060028863A = {
						CreatedOnToolsVersion = 11.5;
						TestTargetID = 9B0DDEE924A17A050028863A;
					};
				};
			};
			buildConfigurationList = 9B0DDEE524A17A050028863A /* Build configuration list for PBXProject "HeroDice" */;
			compatibilityVersion = "Xcode 9.3";
			developmentRegion = en;
			hasScannedForEncodings = 0;
			knownRegions = (
				en,
				Base,
			);
			mainGroup = 9B0DDEE124A17A050028863A;
			productRefGroup = 9B0DDEEB24A17A050028863A /* Products */;
			projectDirPath = "";
			projectRoot = "";
			targets = (
				9B0DDEE924A17A050028863A /* HeroDice */,
				9B0DDEFF24A17A060028863A /* HeroDiceTests */,
				9B0DDF0A24A17A060028863A /* HeroDiceUITests */,
			);
		};
/* End PBXProject section */

/* Begin PBXResourcesBuildPhase section */
		9B0DDEE824A17A050028863A /* Resources */ = {
			isa = PBXResourcesBuildPhase;
			buildActionMask = 2147483647;
			files = (
				9B0DDEFA24A17A050028863A /* LaunchScreen.storyboard in Resources */,
				9B0DDEF724A17A050028863A /* Preview Assets.xcassets in Resources */,
				9B0DDEF424A17A050028863A /* Assets.xcassets in Resources */,
			);
			runOnlyForDeploymentPostprocessing = 0;
		};
		9B0DDEFE24A17A060028863A /* Resources */ = {
			isa = PBXResourcesBuildPhase;
			buildActionMask = 2147483647;
			files = (
			);
			runOnlyForDeploymentPostprocessing = 0;
		};
		9B0DDF0924A17A060028863A /* Resources */ = {
			isa = PBXResourcesBuildPhase;
			buildActionMask = 2147483647;
			files = (
			);
			runOnlyForDeploymentPostprocessing = 0;
		};
/* End PBXResourcesBuildPhase section */

/* Begin PBXSourcesBuildPhase section */
		9B0DDEE624A17A050028863A /* Sources */ = {
			isa = PBXSourcesBuildPhase;
			buildActionMask = 2147483647;
			files = (
				9B0DDEEE24A17A050028863A /* AppDelegate.swift in Sources */,
				9B186C1724A181AB00AB724F /* DiceView.swift in Sources */,
				9B0DDEF024A17A050028863A /* SceneDelegate.swift in Sources */,
				9B0DDEF224A17A050028863A /* ContentView.swift in Sources */,
			);
			runOnlyForDeploymentPostprocessing = 0;
		};
		9B0DDEFC24A17A060028863A /* Sources */ = {
			isa = PBXSourcesBuildPhase;
			buildActionMask = 2147483647;
			files = (
				9B0DDF0524A17A060028863A /* HeroDiceTests.swift in Sources */,
			);
			runOnlyForDeploymentPostprocessing = 0;
		};
		9B0DDF0724A17A060028863A /* Sources */ = {
			isa = PBXSourcesBuildPhase;
			buildActionMask = 2147483647;
			files = (
				9B0DDF1024A17A060028863A /* HeroDiceUITests.swift in Sources */,
			);
			runOnlyForDeploymentPostprocessing = 0;
		};
/* End PBXSourcesBuildPhase section */

/* Begin PBXTargetDependency section */
		9B0DDF0224A17A060028863A /* PBXTargetDependency */ = {
			isa = PBXTargetDependency;
			target = 9B0DDEE924A17A050028863A /* HeroDice */;
			targetProxy = 9B0DDF0124A17A060028863A /* PBXContainerItemProxy */;
		};
		9B0DDF0D24A17A060028863A /* PBXTargetDependency */ = {
			isa = PBXTargetDependency;
			target = 9B0DDEE924A17A050028863A /* HeroDice */;
			targetProxy = 9B0DDF0C24A17A060028863A /* PBXContainerItemProxy */;
		};
/* End PBXTargetDependency section */

/* Begin PBXVariantGroup section */
		9B0DDEF824A17A050028863A /* LaunchScreen.storyboard */ = {
			isa = PBXVariantGroup;
			children = (
				9B0DDEF924A17A050028863A /* Base */,
			);
			name = LaunchScreen.storyboard;
			sourceTree = "<group>";
		};
/* End PBXVariantGroup section */

/* Begin XCBuildConfiguration section */
		9B0DDF1224A17A060028863A /* Debug */ = {
			isa = XCBuildConfiguration;
			buildSettings = {
				ALWAYS_SEARCH_USER_PATHS = NO;
				CLANG_ANALYZER_NONNULL = YES;
				CLANG_ANALYZER_NUMBER_OBJECT_CONVERSION = YES_AGGRESSIVE;
				CLANG_CXX_LANGUAGE_STANDARD = "gnu++14";
				CLANG_CXX_LIBRARY = "libc++";
				CLANG_ENABLE_MODULES = YES;
				CLANG_ENABLE_OBJC_ARC = YES;
				CLANG_ENABLE_OBJC_WEAK = YES;
				CLANG_WARN_BLOCK_CAPTURE_AUTORELEASING = YES;
				CLANG_WARN_BOOL_CONVERSION = YES;
				CLANG_WARN_COMMA = YES;
				CLANG_WARN_CONSTANT_CONVERSION = YES;
				CLANG_WARN_DEPRECATED_OBJC_IMPLEMENTATIONS = YES;
				CLANG_WARN_DIRECT_OBJC_ISA_USAGE = YES_ERROR;
				CLANG_WARN_DOCUMENTATION_COMMENTS = YES;
				CLANG_WARN_EMPTY_BODY = YES;
				CLANG_WARN_ENUM_CONVERSION = YES;
				CLANG_WARN_INFINITE_RECURSION = YES;
				CLANG_WARN_INT_CONVERSION = YES;
				CLANG_WARN_NON_LITERAL_NULL_CONVERSION = YES;
				CLANG_WARN_OBJC_IMPLICIT_RETAIN_SELF = YES;
				CLANG_WARN_OBJC_LITERAL_CONVERSION = YES;
				CLANG_WARN_OBJC_ROOT_CLASS = YES_ERROR;
				CLANG_WARN_RANGE_LOOP_ANALYSIS = YES;
				CLANG_WARN_STRICT_PROTOTYPES = YES;
				CLANG_WARN_SUSPICIOUS_MOVE = YES;
				CLANG_WARN_UNGUARDED_AVAILABILITY = YES_AGGRESSIVE;
				CLANG_WARN_UNREACHABLE_CODE = YES;
				CLANG_WARN__DUPLICATE_METHOD_MATCH = YES;
				COPY_PHASE_STRIP = NO;
				DEBUG_INFORMATION_FORMAT = dwarf;
				ENABLE_STRICT_OBJC_MSGSEND = YES;
				ENABLE_TESTABILITY = YES;
				GCC_C_LANGUAGE_STANDARD = gnu11;
				GCC_DYNAMIC_NO_PIC = NO;
				GCC_NO_COMMON_BLOCKS = YES;
				GCC_OPTIMIZATION_LEVEL = 0;
				GCC_PREPROCESSOR_DEFINITIONS = (
					"DEBUG=1",
					"$(inherited)",
				);
				GCC_WARN_64_TO_32_BIT_CONVERSION = YES;
				GCC_WARN_ABOUT_RETURN_TYPE = YES_ERROR;
				GCC_WARN_UNDECLARED_SELECTOR = YES;
				GCC_WARN_UNINITIALIZED_AUTOS = YES_AGGRESSIVE;
				GCC_WARN_UNUSED_FUNCTION = YES;
				GCC_WARN_UNUSED_VARIABLE = YES;
				IPHONEOS_DEPLOYMENT_TARGET = 13.5;
				MTL_ENABLE_DEBUG_INFO = INCLUDE_SOURCE;
				MTL_FAST_MATH = YES;
				ONLY_ACTIVE_ARCH = YES;
				SDKROOT = iphoneos;
				SWIFT_ACTIVE_COMPILATION_CONDITIONS = DEBUG;
				SWIFT_OPTIMIZATION_LEVEL = "-Onone";
			};
			name = Debug;
		};
		9B0DDF1324A17A060028863A /* Release */ = {
			isa = XCBuildConfiguration;
			buildSettings = {
				ALWAYS_SEARCH_USER_PATHS = NO;
				CLANG_ANALYZER_NONNULL = YES;
				CLANG_ANALYZER_NUMBER_OBJECT_CONVERSION = YES_AGGRESSIVE;
				CLANG_CXX_LANGUAGE_STANDARD = "gnu++14";
				CLANG_CXX_LIBRARY = "libc++";
				CLANG_ENABLE_MODULES = YES;
				CLANG_ENABLE_OBJC_ARC = YES;
				CLANG_ENABLE_OBJC_WEAK = YES;
				CLANG_WARN_BLOCK_CAPTURE_AUTORELEASING = YES;
				CLANG_WARN_BOOL_CONVERSION = YES;
				CLANG_WARN_COMMA = YES;
				CLANG_WARN_CONSTANT_CONVERSION = YES;
				CLANG_WARN_DEPRECATED_OBJC_IMPLEMENTATIONS = YES;
				CLANG_WARN_DIRECT_OBJC_ISA_USAGE = YES_ERROR;
				CLANG_WARN_DOCUMENTATION_COMMENTS = YES;
				CLANG_WARN_EMPTY_BODY = YES;
				CLANG_WARN_ENUM_CONVERSION = YES;
				CLANG_WARN_INFINITE_RECURSION = YES;
				CLANG_WARN_INT_CONVERSION = YES;
				CLANG_WARN_NON_LITERAL_NULL_CONVERSION = YES;
				CLANG_WARN_OBJC_IMPLICIT_RETAIN_SELF = YES;
				CLANG_WARN_OBJC_LITERAL_CONVERSION = YES;
				CLANG_WARN_OBJC_ROOT_CLASS = YES_ERROR;
				CLANG_WARN_RANGE_LOOP_ANALYSIS = YES;
				CLANG_WARN_STRICT_PROTOTYPES = YES;
				CLANG_WARN_SUSPICIOUS_MOVE = YES;
				CLANG_WARN_UNGUARDED_AVAILABILITY = YES_AGGRESSIVE;
				CLANG_WARN_UNREACHABLE_CODE = YES;
				CLANG_WARN__DUPLICATE_METHOD_MATCH = YES;
				COPY_PHASE_STRIP = NO;
				DEBUG_INFORMATION_FORMAT = "dwarf-with-dsym";
				ENABLE_NS_ASSERTIONS = NO;
				ENABLE_STRICT_OBJC_MSGSEND = YES;
				GCC_C_LANGUAGE_STANDARD = gnu11;
				GCC_NO_COMMON_BLOCKS = YES;
				GCC_WARN_64_TO_32_BIT_CONVERSION = YES;
				GCC_WARN_ABOUT_RETURN_TYPE = YES_ERROR;
				GCC_WARN_UNDECLARED_SELECTOR = YES;
				GCC_WARN_UNINITIALIZED_AUTOS = YES_AGGRESSIVE;
				GCC_WARN_UNUSED_FUNCTION = YES;
				GCC_WARN_UNUSED_VARIABLE = YES;
				IPHONEOS_DEPLOYMENT_TARGET = 13.5;
				MTL_ENABLE_DEBUG_INFO = NO;
				MTL_FAST_MATH = YES;
				SDKROOT = iphoneos;
				SWIFT_COMPILATION_MODE = wholemodule;
				SWIFT_OPTIMIZATION_LEVEL = "-O";
				VALIDATE_PRODUCT = YES;
			};
			name = Release;
		};
		9B0DDF1524A17A060028863A /* Debug */ = {
			isa = XCBuildConfiguration;
			buildSettings = {
				ASSETCATALOG_COMPILER_APPICON_NAME = AppIcon;
				CODE_SIGN_STYLE = Automatic;
				DEVELOPMENT_ASSET_PATHS = "\"HeroDice/Preview Content\"";
				ENABLE_PREVIEWS = YES;
				INFOPLIST_FILE = HeroDice/Info.plist;
				LD_RUNPATH_SEARCH_PATHS = (
					"$(inherited)",
					"@executable_path/Frameworks",
				);
				PRODUCT_BUNDLE_IDENTIFIER = "com.lee-dohm.HeroDice";
				PRODUCT_NAME = "$(TARGET_NAME)";
				SWIFT_VERSION = 5.0;
				TARGETED_DEVICE_FAMILY = "1,2";
			};
			name = Debug;
		};
		9B0DDF1624A17A060028863A /* Release */ = {
			isa = XCBuildConfiguration;
			buildSettings = {
				ASSETCATALOG_COMPILER_APPICON_NAME = AppIcon;
				CODE_SIGN_STYLE = Automatic;
				DEVELOPMENT_ASSET_PATHS = "\"HeroDice/Preview Content\"";
				ENABLE_PREVIEWS = YES;
				INFOPLIST_FILE = HeroDice/Info.plist;
				LD_RUNPATH_SEARCH_PATHS = (
					"$(inherited)",
					"@executable_path/Frameworks",
				);
				PRODUCT_BUNDLE_IDENTIFIER = "com.lee-dohm.HeroDice";
				PRODUCT_NAME = "$(TARGET_NAME)";
				SWIFT_VERSION = 5.0;
				TARGETED_DEVICE_FAMILY = "1,2";
			};
			name = Release;
		};
		9B0DDF1824A17A060028863A /* Debug */ = {
			isa = XCBuildConfiguration;
			buildSettings = {
				ALWAYS_EMBED_SWIFT_STANDARD_LIBRARIES = YES;
				BUNDLE_LOADER = "$(TEST_HOST)";
				CODE_SIGN_STYLE = Automatic;
				INFOPLIST_FILE = HeroDiceTests/Info.plist;
				IPHONEOS_DEPLOYMENT_TARGET = 13.5;
				LD_RUNPATH_SEARCH_PATHS = (
					"$(inherited)",
					"@executable_path/Frameworks",
					"@loader_path/Frameworks",
				);
				PRODUCT_BUNDLE_IDENTIFIER = "com.lee-dohm.HeroDiceTests";
				PRODUCT_NAME = "$(TARGET_NAME)";
				SWIFT_VERSION = 5.0;
				TARGETED_DEVICE_FAMILY = "1,2";
				TEST_HOST = "$(BUILT_PRODUCTS_DIR)/HeroDice.app/HeroDice";
			};
			name = Debug;
		};
		9B0DDF1924A17A060028863A /* Release */ = {
			isa = XCBuildConfiguration;
			buildSettings = {
				ALWAYS_EMBED_SWIFT_STANDARD_LIBRARIES = YES;
				BUNDLE_LOADER = "$(TEST_HOST)";
				CODE_SIGN_STYLE = Automatic;
				INFOPLIST_FILE = HeroDiceTests/Info.plist;
				IPHONEOS_DEPLOYMENT_TARGET = 13.5;
				LD_RUNPATH_SEARCH_PATHS = (
					"$(inherited)",
					"@executable_path/Frameworks",
					"@loader_path/Frameworks",
				);
				PRODUCT_BUNDLE_IDENTIFIER = "com.lee-dohm.HeroDiceTests";
				PRODUCT_NAME = "$(TARGET_NAME)";
				SWIFT_VERSION = 5.0;
				TARGETED_DEVICE_FAMILY = "1,2";
				TEST_HOST = "$(BUILT_PRODUCTS_DIR)/HeroDice.app/HeroDice";
			};
			name = Release;
		};
		9B0DDF1B24A17A060028863A /* Debug */ = {
			isa = XCBuildConfiguration;
			buildSettings = {
				ALWAYS_EMBED_SWIFT_STANDARD_LIBRARIES = YES;
				CODE_SIGN_STYLE = Automatic;
				INFOPLIST_FILE = HeroDiceUITests/Info.plist;
				LD_RUNPATH_SEARCH_PATHS = (
					"$(inherited)",
					"@executable_path/Frameworks",
					"@loader_path/Frameworks",
				);
				PRODUCT_BUNDLE_IDENTIFIER = "com.lee-dohm.HeroDiceUITests";
				PRODUCT_NAME = "$(TARGET_NAME)";
				SWIFT_VERSION = 5.0;
				TARGETED_DEVICE_FAMILY = "1,2";
				TEST_TARGET_NAME = HeroDice;
			};
			name = Debug;
		};
		9B0DDF1C24A17A060028863A /* Release */ = {
			isa = XCBuildConfiguration;
			buildSettings = {
				ALWAYS_EMBED_SWIFT_STANDARD_LIBRARIES = YES;
				CODE_SIGN_STYLE = Automatic;
				INFOPLIST_FILE = HeroDiceUITests/Info.plist;
				LD_RUNPATH_SEARCH_PATHS = (
					"$(inherited)",
					"@executable_path/Frameworks",
					"@loader_path/Frameworks",
				);
				PRODUCT_BUNDLE_IDENTIFIER = "com.lee-dohm.HeroDiceUITests";
				PRODUCT_NAME = "$(TARGET_NAME)";
				SWIFT_VERSION = 5.0;
				TARGETED_DEVICE_FAMILY = "1,2";
				TEST_TARGET_NAME = HeroDice;
			};
			name = Release;
		};
/* End XCBuildConfiguration section */

/* Begin XCConfigurationList section */
		9B0DDEE524A17A050028863A /* Build configuration list for PBXProject "HeroDice" */ = {
			isa = XCConfigurationList;
			buildConfigurations = (
				9B0DDF1224A17A060028863A /* Debug */,
				9B0DDF1324A17A060028863A /* Release */,
			);
			defaultConfigurationIsVisible = 0;
			defaultConfigurationName = Release;
		};
		9B0DDF1424A17A060028863A /* Build configuration list for PBXNativeTarget "HeroDice" */ = {
			isa = XCConfigurationList;
			buildConfigurations = (
				9B0DDF1524A17A060028863A /* Debug */,
				9B0DDF1624A17A060028863A /* Release */,
			);
			defaultConfigurationIsVisible = 0;
			defaultConfigurationName = Release;
		};
		9B0DDF1724A17A060028863A /* Build configuration list for PBXNativeTarget "HeroDiceTests" */ = {
			isa = XCConfigurationList;
			buildConfigurations = (
				9B0DDF1824A17A060028863A /* Debug */,
				9B0DDF1924A17A060028863A /* Release */,
			);
			defaultConfigurationIsVisible = 0;
			defaultConfigurationName = Release;
		};
		9B0DDF1A24A17A060028863A /* Build configuration list for PBXNativeTarget "HeroDiceUITests" */ = {
			isa = XCConfigurationList;
			buildConfigurations = (
				9B0DDF1B24A17A060028863A /* Debug */,
				9B0DDF1C24A17A060028863A /* Release */,
			);
			defaultConfigurationIsVisible = 0;
			defaultConfigurationName = Release;
		};
/* End XCConfigurationList section */
	};
	rootObject = 9B0DDEE224A17A050028863A /* Project object */;
}
